
Microsoft Visual Studio Solution File, Format Version 12.00
# Visual Studio 14
VisualStudioVersion = 14.0.25420.1
MinimumVisualStudioVersion = 10.0.40219.1
Project("{8BC9CEB8-8B4A-11D0-8D11-00A0C91BC942}") = "Keylogger", "Keylogger\Keylogger.vcxproj", "{79ECD858-9022-4151-903E-F2558B249C70}"
EndProject
Project("{8BC9CEB8-8B4A-11D0-8D11-00A0C91BC942}") = "Keylogger.Client", "Keylogger.Client\Keylogger.Client.vcxproj", "{431A8881-0ED2-4ABE-B113-813099485FB2}"
EndProject
Global
	GlobalSection(SolutionConfigurationPlatforms) = preSolution
		Debug|x64 = Debug|x64
		Debug|x86 = Debug|x86
		Release|x64 = Release|x64
		Release|x86 = Release|x86
	EndGlobalSection
	GlobalSection(ProjectConfigurationPlatforms) = postSolution
		{79ECD858-9022-4151-903E-F2558B249C70}.Debug|x64.ActiveCfg = Debug|x64
		{79ECD858-9022-4151-903E-F2558B249C70}.Debug|x64.Build.0 = Debug|x64
		{79ECD858-9022-4151-903E-F2558B249C70}.Debug|x86.ActiveCfg = Debug|Win32
		{79ECD858-9022-4151-903E-F2558B249C70}.Debug|x86.Build.0 = Debug|Win32
		{79ECD858-9022-4151-903E-F2558B249C70}.Release|x64.ActiveCfg = Release|x64
		{79ECD858-9022-4151-903E-F2558B249C70}.Release|x64.Build.0 = Release|x64
		{79ECD858-9022-4151-903E-F2558B249C70}.Release|x86.ActiveCfg = Release|Win32
		{79ECD858-9022-4151-903E-F2558B249C70}.Release|x86.Build.0 = Release|Win32
		{431A8881-0ED2-4ABE-B113-813099485FB2}.Debug|x64.ActiveCfg = Debug|x64
		{431A8881-0ED2-4ABE-B113-813099485FB2}.Debug|x64.Build.0 = Debug|x64
		{431A8881-0ED2-4ABE-B113-813099485FB2}.Debug|x86.ActiveCfg = Debug|Win32
		{431A8881-0ED2-4ABE-B113-813099485FB2}.Debug|x86.Build.0 = Debug|Win32
		{431A8881-0ED2-4ABE-B113-813099485FB2}.Release|x64.ActiveCfg = Release|x64
		{431A8881-0ED2-4ABE-B113-813099485FB2}.Release|x64.Build.0 = Release|x64
		{431A8881-0ED2-4ABE-B113-813099485FB2}.Release|x86.ActiveCfg = Release|Win32
		{431A8881-0ED2-4ABE-B113-813099485FB2}.Release|x86.Build.0 = Release|Win32
	EndGlobalSection
	GlobalSection(SolutionProperties) = preSolution
		HideSolutionNode = FALSE
	EndGlobalSection
EndGlobal
