<?xml version="1.0" encoding="utf-8"?>
<Project ToolsVersion="4.0" xmlns="http://schemas.microsoft.com/developer/msbuild/2003">
  <ItemGroup>
    <ClCompile Include="src\helpers\ComputerInfoHelper.cpp" />
    <ClCompile Include="src\helpers\KeyboardHelper.cpp" />
    <ClCompile Include="src\helpers\StringHelper.cpp" />
    <ClCompile Include="src\main.cpp" />
    <ClCompile Include="src\modules\Hook.cpp" />
    <ClCompile Include="src\modules\Keylogger.cpp" />
    <ClCompile Include="src\modules\SocketServer.cpp" />
    <ClCompile Include="src\services\CommandParser.cpp" />
    <ClCompile Include="src\services\EmailService.cpp" />
    <ClCompile Include="src\services\KeyBlockService.cpp" />
    <ClCompile Include="src\stdafx.cpp" />
    <ClCompile Include="vendor\csmtp\base64.cpp" />
    <ClCompile Include="vendor\csmtp\CSmtp.cpp" />
    <ClCompile Include="vendor\csmtp\md5.cpp" />
    <ClCompile Include="src\helpers\Configuration.cpp" />
    <ClCompile Include="src\helpers\DataParser\DataParser.cpp" />
    <ClCompile Include="src\helpers\AppData.cpp" />
  </ItemGroup>
  <ItemGroup>
    <ClInclude Include="src\helpers\ComputerInfoHelper.h" />
    <ClInclude Include="src\helpers\KeyboardHelper.h" />
    <ClInclude Include="src\helpers\StringHelper.h" />
    <ClInclude Include="src\modules\Hook.h" />
    <ClInclude Include="src\modules\Keylogger.h" />
    <ClInclude Include="src\modules\SocketServer.h" />
    <ClInclude Include="src\services\CommandParser.h" />
    <ClInclude Include="src\services\EmailService.h" />
    <ClInclude Include="src\services\KeyBlockService.h" />
    <ClInclude Include="src\stdafx.h" />
    <ClInclude Include="src\targetver.h" />
    <ClInclude Include="vendor\csmtp\base64.h" />
    <ClInclude Include="vendor\csmtp\CSmtp.h" />
    <ClInclude Include="vendor\csmtp\md5.h" />
    <ClInclude Include="src\helpers\Configuration.h" />
    <ClInclude Include="src\helpers\DataParser\DataParser.h" />
    <ClInclude Include="src\helpers\AppData.h" />
  </ItemGroup>
</Project>